
Microsoft Visual Studio Solution File, Format Version 12.00
# Visual Studio Version 17
VisualStudioVersion = 17.5.002.0
MinimumVisualStudioVersion = 10.0.40219.1
Project("{9A19103F-16F7-4668-BE54-9A1E7A4F7556}") = "MyMvcApp", "MyMvcApp.csproj", "{42114063-46ED-4476-A07C-8F563CA48581}"
EndProject
Project("{FAE04EC0-301F-11D3-BF4B-00C04F79EFBC}") = "MyMvcApp.DataAccess", "MyMvcApp.DataAccess\MyMvcApp.DataAccess.csproj", "{A8EC982B-7C07-4BDA-994B-531E6B767734}"
EndProject
Project("{FAE04EC0-301F-11D3-BF4B-00C04F79EFBC}") = "MyMvcApp.Models", "MyMvcApp.Models\MyMvcApp.Models.csproj", "{21F8A0E7-E07A-4C2E-801B-6940B0D5A557}"
EndProject
Project("{FAE04EC0-301F-11D3-BF4B-00C04F79EFBC}") = "MyMvcApp.Utility", "MyMvcApp.Utility\MyMvcApp.Utility.csproj", "{495FE3F0-FE9A-4043-A901-E24B395DC7DE}"
EndProject
Global
	GlobalSection(SolutionConfigurationPlatforms) = preSolution
		Debug|Any CPU = Debug|Any CPU
		Release|Any CPU = Release|Any CPU
	EndGlobalSection
	GlobalSection(ProjectConfigurationPlatforms) = postSolution
		{42114063-46ED-4476-A07C-8F563CA48581}.Debug|Any CPU.ActiveCfg = Debug|Any CPU
		{42114063-46ED-4476-A07C-8F563CA48581}.Debug|Any CPU.Build.0 = Debug|Any CPU
		{42114063-46ED-4476-A07C-8F563CA48581}.Release|Any CPU.ActiveCfg = Release|Any CPU
		{42114063-46ED-4476-A07C-8F563CA48581}.Release|Any CPU.Build.0 = Release|Any CPU
		{A8EC982B-7C07-4BDA-994B-531E6B767734}.Debug|Any CPU.ActiveCfg = Debug|Any CPU
		{A8EC982B-7C07-4BDA-994B-531E6B767734}.Debug|Any CPU.Build.0 = Debug|Any CPU
		{A8EC982B-7C07-4BDA-994B-531E6B767734}.Release|Any CPU.ActiveCfg = Release|Any CPU
		{A8EC982B-7C07-4BDA-994B-531E6B767734}.Release|Any CPU.Build.0 = Release|Any CPU
		{21F8A0E7-E07A-4C2E-801B-6940B0D5A557}.Debug|Any CPU.ActiveCfg = Debug|Any CPU
		{21F8A0E7-E07A-4C2E-801B-6940B0D5A557}.Debug|Any CPU.Build.0 = Debug|Any CPU
		{21F8A0E7-E07A-4C2E-801B-6940B0D5A557}.Release|Any CPU.ActiveCfg = Release|Any CPU
		{21F8A0E7-E07A-4C2E-801B-6940B0D5A557}.Release|Any CPU.Build.0 = Release|Any CPU
		{495FE3F0-FE9A-4043-A901-E24B395DC7DE}.Debug|Any CPU.ActiveCfg = Debug|Any CPU
		{495FE3F0-FE9A-4043-A901-E24B395DC7DE}.Debug|Any CPU.Build.0 = Debug|Any CPU
		{495FE3F0-FE9A-4043-A901-E24B395DC7DE}.Release|Any CPU.ActiveCfg = Release|Any CPU
		{495FE3F0-FE9A-4043-A901-E24B395DC7DE}.Release|Any CPU.Build.0 = Release|Any CPU
	EndGlobalSection
	GlobalSection(SolutionProperties) = preSolution
		HideSolutionNode = FALSE
	EndGlobalSection
	GlobalSection(ExtensibilityGlobals) = postSolution
		SolutionGuid = {065422F9-A322-43E3-A03A-614268403003}
	EndGlobalSection
EndGlobal
